// !$*UTF8*$!
{
	archiveVersion = 1;
	classes = {
	};
	objectVersion = 46;
	objects = {

/* Begin PBXBuildFile section */
		FA737C751B161FAB0092F7BA /* BRMessage.m in Sources */ = {isa = PBXBuildFile; fileRef = FA737C741B161FAB0092F7BA /* BRMessage.m */; };
		FA737C791B161FF30092F7BA /* BRPerson.m in Sources */ = {isa = PBXBuildFile; fileRef = FA737C781B161FF30092F7BA /* BRPerson.m */; };
		FA737C7C1B16203C0092F7BA /* BRConversation.m in Sources */ = {isa = PBXBuildFile; fileRef = FA737C7B1B16203C0092F7BA /* BRConversation.m */; };
		FAA8F10B1B15FE3200908182 /* libicucore.dylib in Frameworks */ = {isa = PBXBuildFile; fileRef = FAA8F10A1B15FE3200908182 /* libicucore.dylib */; };
		FAA8F10D1B15FE4400908182 /* libc++.dylib in Frameworks */ = {isa = PBXBuildFile; fileRef = FAA8F10C1B15FE4400908182 /* libc++.dylib */; };
		FAA8F10F1B15FE4A00908182 /* CFNetwork.framework in Frameworks */ = {isa = PBXBuildFile; fileRef = FAA8F10E1B15FE4A00908182 /* CFNetwork.framework */; };
		FAA8F1111B15FE6000908182 /* Security.framework in Frameworks */ = {isa = PBXBuildFile; fileRef = FAA8F1101B15FE6000908182 /* Security.framework */; };
		FAA8F1131B15FE7700908182 /* SystemConfiguration.framework in Frameworks */ = {isa = PBXBuildFile; fileRef = FAA8F1121B15FE7700908182 /* SystemConfiguration.framework */; };
		FAB33EC71B232EED005F688F /* BRConversationTableViewController.m in Sources */ = {isa = PBXBuildFile; fileRef = FAB33EC61B232EED005F688F /* BRConversationTableViewController.m */; };
		FAFDD85C1B0EA8FC00D2E946 /* main.m in Sources */ = {isa = PBXBuildFile; fileRef = FAFDD85B1B0EA8FC00D2E946 /* main.m */; };
		FAFDD85F1B0EA8FC00D2E946 /* AppDelegate.m in Sources */ = {isa = PBXBuildFile; fileRef = FAFDD85E1B0EA8FC00D2E946 /* AppDelegate.m */; };
		FAFDD8651B0EA8FC00D2E946 /* Main.storyboard in Resources */ = {isa = PBXBuildFile; fileRef = FAFDD8631B0EA8FC00D2E946 /* Main.storyboard */; };
		FAFDD8671B0EA8FC00D2E946 /* Images.xcassets in Resources */ = {isa = PBXBuildFile; fileRef = FAFDD8661B0EA8FC00D2E946 /* Images.xcassets */; };
		FAFDD86A1B0EA8FC00D2E946 /* LaunchScreen.xib in Resources */ = {isa = PBXBuildFile; fileRef = FAFDD8681B0EA8FC00D2E946 /* LaunchScreen.xib */; };
		FAFDD8761B0EA8FC00D2E946 /* TrulyChatTests.m in Sources */ = {isa = PBXBuildFile; fileRef = FAFDD8751B0EA8FC00D2E946 /* TrulyChatTests.m */; };
		FAFDD8841B0EAECE00D2E946 /* BRLoginViewController.m in Sources */ = {isa = PBXBuildFile; fileRef = FAFDD8831B0EAECE00D2E946 /* BRLoginViewController.m */; };
		FAFDD88B1B0EB0EF00D2E946 /* BRChatTableViewController.m in Sources */ = {isa = PBXBuildFile; fileRef = FAFDD88A1B0EB0EF00D2E946 /* BRChatTableViewController.m */; };
		FC1D632CDD3770EE6833A260 /* libPods-TrulyChat.a in Frameworks */ = {isa = PBXBuildFile; fileRef = 281072E0870EF393F7A38730 /* libPods-TrulyChat.a */; };
/* End PBXBuildFile section */

/* Begin PBXContainerItemProxy section */
		FAFDD8701B0EA8FC00D2E946 /* PBXContainerItemProxy */ = {
			isa = PBXContainerItemProxy;
			containerPortal = FAFDD84E1B0EA8FC00D2E946 /* Project object */;
			proxyType = 1;
			remoteGlobalIDString = FAFDD8551B0EA8FC00D2E946;
			remoteInfo = TrulyChat;
		};
/* End PBXContainerItemProxy section */

/* Begin PBXFileReference section */
		281072E0870EF393F7A38730 /* libPods-TrulyChat.a */ = {isa = PBXFileReference; explicitFileType = archive.ar; includeInIndex = 0; path = "libPods-TrulyChat.a"; sourceTree = BUILT_PRODUCTS_DIR; };
		C0A5AB850573325E433BCE11 /* Pods-TrulyChat.debug.xcconfig */ = {isa = PBXFileReference; includeInIndex = 1; lastKnownFileType = text.xcconfig; name = "Pods-TrulyChat.debug.xcconfig"; path = "Pods/Target Support Files/Pods-TrulyChat/Pods-TrulyChat.debug.xcconfig"; sourceTree = "<group>"; };
		C3F6C8F0022BD98216769565 /* Pods-TrulyChat.release.xcconfig */ = {isa = PBXFileReference; includeInIndex = 1; lastKnownFileType = text.xcconfig; name = "Pods-TrulyChat.release.xcconfig"; path = "Pods/Target Support Files/Pods-TrulyChat/Pods-TrulyChat.release.xcconfig"; sourceTree = "<group>"; };
		FA737C731B161FAB0092F7BA /* BRMessage.h */ = {isa = PBXFileReference; fileEncoding = 4; lastKnownFileType = sourcecode.c.h; name = BRMessage.h; path = Models/BRMessage.h; sourceTree = "<group>"; };
		FA737C741B161FAB0092F7BA /* BRMessage.m */ = {isa = PBXFileReference; fileEncoding = 4; lastKnownFileType = sourcecode.c.objc; name = BRMessage.m; path = Models/BRMessage.m; sourceTree = "<group>"; };
		FA737C771B161FF30092F7BA /* BRPerson.h */ = {isa = PBXFileReference; fileEncoding = 4; lastKnownFileType = sourcecode.c.h; name = BRPerson.h; path = Models/BRPerson.h; sourceTree = "<group>"; };
		FA737C781B161FF30092F7BA /* BRPerson.m */ = {isa = PBXFileReference; fileEncoding = 4; lastKnownFileType = sourcecode.c.objc; name = BRPerson.m; path = Models/BRPerson.m; sourceTree = "<group>"; };
		FA737C7A1B16203C0092F7BA /* BRConversation.h */ = {isa = PBXFileReference; fileEncoding = 4; lastKnownFileType = sourcecode.c.h; name = BRConversation.h; path = Models/BRConversation.h; sourceTree = "<group>"; };
		FA737C7B1B16203C0092F7BA /* BRConversation.m */ = {isa = PBXFileReference; fileEncoding = 4; lastKnownFileType = sourcecode.c.objc; name = BRConversation.m; path = Models/BRConversation.m; sourceTree = "<group>"; };
		FAA8F10A1B15FE3200908182 /* libicucore.dylib */ = {isa = PBXFileReference; lastKnownFileType = "compiled.mach-o.dylib"; name = libicucore.dylib; path = usr/lib/libicucore.dylib; sourceTree = SDKROOT; };
		FAA8F10C1B15FE4400908182 /* libc++.dylib */ = {isa = PBXFileReference; lastKnownFileType = "compiled.mach-o.dylib"; name = "libc++.dylib"; path = "usr/lib/libc++.dylib"; sourceTree = SDKROOT; };
		FAA8F10E1B15FE4A00908182 /* CFNetwork.framework */ = {isa = PBXFileReference; lastKnownFileType = wrapper.framework; name = CFNetwork.framework; path = System/Library/Frameworks/CFNetwork.framework; sourceTree = SDKROOT; };
		FAA8F1101B15FE6000908182 /* Security.framework */ = {isa = PBXFileReference; lastKnownFileType = wrapper.framework; name = Security.framework; path = System/Library/Frameworks/Security.framework; sourceTree = SDKROOT; };
		FAA8F1121B15FE7700908182 /* SystemConfiguration.framework */ = {isa = PBXFileReference; lastKnownFileType = wrapper.framework; name = SystemConfiguration.framework; path = System/Library/Frameworks/SystemConfiguration.framework; sourceTree = SDKROOT; };
		FAB33EC51B232EED005F688F /* BRConversationTableViewController.h */ = {isa = PBXFileReference; fileEncoding = 4; lastKnownFileType = sourcecode.c.h; path = BRConversationTableViewController.h; sourceTree = "<group>"; };
		FAB33EC61B232EED005F688F /* BRConversationTableViewController.m */ = {isa = PBXFileReference; fileEncoding = 4; lastKnownFileType = sourcecode.c.objc; path = BRConversationTableViewController.m; sourceTree = "<group>"; };
		FAFDD8561B0EA8FC00D2E946 /* TrulyChat.app */ = {isa = PBXFileReference; explicitFileType = wrapper.application; includeInIndex = 0; path = TrulyChat.app; sourceTree = BUILT_PRODUCTS_DIR; };
		FAFDD85A1B0EA8FC00D2E946 /* Info.plist */ = {isa = PBXFileReference; lastKnownFileType = text.plist.xml; path = Info.plist; sourceTree = "<group>"; };
		FAFDD85B1B0EA8FC00D2E946 /* main.m */ = {isa = PBXFileReference; lastKnownFileType = sourcecode.c.objc; path = main.m; sourceTree = "<group>"; };
		FAFDD85D1B0EA8FC00D2E946 /* AppDelegate.h */ = {isa = PBXFileReference; lastKnownFileType = sourcecode.c.h; path = AppDelegate.h; sourceTree = "<group>"; };
		FAFDD85E1B0EA8FC00D2E946 /* AppDelegate.m */ = {isa = PBXFileReference; lastKnownFileType = sourcecode.c.objc; path = AppDelegate.m; sourceTree = "<group>"; };
		FAFDD8641B0EA8FC00D2E946 /* Base */ = {isa = PBXFileReference; lastKnownFileType = file.storyboard; name = Base; path = Base.lproj/Main.storyboard; sourceTree = "<group>"; };
		FAFDD8661B0EA8FC00D2E946 /* Images.xcassets */ = {isa = PBXFileReference; lastKnownFileType = folder.assetcatalog; path = Images.xcassets; sourceTree = "<group>"; };
		FAFDD8691B0EA8FC00D2E946 /* Base */ = {isa = PBXFileReference; lastKnownFileType = file.xib; name = Base; path = Base.lproj/LaunchScreen.xib; sourceTree = "<group>"; };
		FAFDD86F1B0EA8FC00D2E946 /* TrulyChatTests.xctest */ = {isa = PBXFileReference; explicitFileType = wrapper.cfbundle; includeInIndex = 0; path = TrulyChatTests.xctest; sourceTree = BUILT_PRODUCTS_DIR; };
		FAFDD8741B0EA8FC00D2E946 /* Info.plist */ = {isa = PBXFileReference; lastKnownFileType = text.plist.xml; path = Info.plist; sourceTree = "<group>"; };
		FAFDD8751B0EA8FC00D2E946 /* TrulyChatTests.m */ = {isa = PBXFileReference; lastKnownFileType = sourcecode.c.objc; path = TrulyChatTests.m; sourceTree = "<group>"; };
		FAFDD8821B0EAECE00D2E946 /* BRLoginViewController.h */ = {isa = PBXFileReference; fileEncoding = 4; lastKnownFileType = sourcecode.c.h; name = BRLoginViewController.h; path = Controllers/BRLoginViewController.h; sourceTree = "<group>"; };
		FAFDD8831B0EAECE00D2E946 /* BRLoginViewController.m */ = {isa = PBXFileReference; fileEncoding = 4; lastKnownFileType = sourcecode.c.objc; name = BRLoginViewController.m; path = Controllers/BRLoginViewController.m; sourceTree = "<group>"; };
		FAFDD8891B0EB0EF00D2E946 /* BRChatTableViewController.h */ = {isa = PBXFileReference; fileEncoding = 4; lastKnownFileType = sourcecode.c.h; name = BRChatTableViewController.h; path = Controllers/BRChatTableViewController.h; sourceTree = "<group>"; };
		FAFDD88A1B0EB0EF00D2E946 /* BRChatTableViewController.m */ = {isa = PBXFileReference; fileEncoding = 4; lastKnownFileType = sourcecode.c.objc; name = BRChatTableViewController.m; path = Controllers/BRChatTableViewController.m; sourceTree = "<group>"; };
/* End PBXFileReference section */

/* Begin PBXFrameworksBuildPhase section */
		FAFDD8531B0EA8FC00D2E946 /* Frameworks */ = {
			isa = PBXFrameworksBuildPhase;
			buildActionMask = 2147483647;
			files = (
				FAA8F1131B15FE7700908182 /* SystemConfiguration.framework in Frameworks */,
				FAA8F1111B15FE6000908182 /* Security.framework in Frameworks */,
				FAA8F10F1B15FE4A00908182 /* CFNetwork.framework in Frameworks */,
				FAA8F10D1B15FE4400908182 /* libc++.dylib in Frameworks */,
				FAA8F10B1B15FE3200908182 /* libicucore.dylib in Frameworks */,
				FC1D632CDD3770EE6833A260 /* libPods-TrulyChat.a in Frameworks */,
			);
			runOnlyForDeploymentPostprocessing = 0;
		};
		FAFDD86C1B0EA8FC00D2E946 /* Frameworks */ = {
			isa = PBXFrameworksBuildPhase;
			buildActionMask = 2147483647;
			files = (
			);
			runOnlyForDeploymentPostprocessing = 0;
		};
/* End PBXFrameworksBuildPhase section */

/* Begin PBXGroup section */
		282DA95782B968F3A2E70281 /* Frameworks */ = {
			isa = PBXGroup;
			children = (
				FAA8F1121B15FE7700908182 /* SystemConfiguration.framework */,
				FAA8F1101B15FE6000908182 /* Security.framework */,
				FAA8F10E1B15FE4A00908182 /* CFNetwork.framework */,
				FAA8F10C1B15FE4400908182 /* libc++.dylib */,
				FAA8F10A1B15FE3200908182 /* libicucore.dylib */,
				281072E0870EF393F7A38730 /* libPods-TrulyChat.a */,
			);
			name = Frameworks;
			sourceTree = "<group>";
		};
		C74F5A609BCDE4435830C647 /* Pods */ = {
			isa = PBXGroup;
			children = (
				C0A5AB850573325E433BCE11 /* Pods-TrulyChat.debug.xcconfig */,
				C3F6C8F0022BD98216769565 /* Pods-TrulyChat.release.xcconfig */,
			);
			name = Pods;
			sourceTree = "<group>";
		};
		FA737C761B161FB00092F7BA /* Models */ = {
			isa = PBXGroup;
			children = (
				FA737C731B161FAB0092F7BA /* BRMessage.h */,
				FA737C741B161FAB0092F7BA /* BRMessage.m */,
				FA737C771B161FF30092F7BA /* BRPerson.h */,
				FA737C781B161FF30092F7BA /* BRPerson.m */,
				FA737C7A1B16203C0092F7BA /* BRConversation.h */,
				FA737C7B1B16203C0092F7BA /* BRConversation.m */,
			);
			name = Models;
			sourceTree = "<group>";
		};
		FAFDD84D1B0EA8FB00D2E946 = {
			isa = PBXGroup;
			children = (
				FAFDD8581B0EA8FC00D2E946 /* TrulyChat */,
				FAFDD8721B0EA8FC00D2E946 /* TrulyChatTests */,
				FAFDD8571B0EA8FC00D2E946 /* Products */,
				C74F5A609BCDE4435830C647 /* Pods */,
				282DA95782B968F3A2E70281 /* Frameworks */,
			);
			sourceTree = "<group>";
		};
		FAFDD8571B0EA8FC00D2E946 /* Products */ = {
			isa = PBXGroup;
			children = (
				FAFDD8561B0EA8FC00D2E946 /* TrulyChat.app */,
				FAFDD86F1B0EA8FC00D2E946 /* TrulyChatTests.xctest */,
			);
			name = Products;
			sourceTree = "<group>";
		};
		FAFDD8581B0EA8FC00D2E946 /* TrulyChat */ = {
			isa = PBXGroup;
			children = (
				FA737C761B161FB00092F7BA /* Models */,
				FAFDD8851B0EAED700D2E946 /* Controllers */,
				FAFDD85D1B0EA8FC00D2E946 /* AppDelegate.h */,
				FAFDD85E1B0EA8FC00D2E946 /* AppDelegate.m */,
				FAFDD8631B0EA8FC00D2E946 /* Main.storyboard */,
				FAFDD8661B0EA8FC00D2E946 /* Images.xcassets */,
				FAFDD8681B0EA8FC00D2E946 /* LaunchScreen.xib */,
				FAFDD87F1B0EAE8A00D2E946 /* Frameworks */,
				FAFDD8591B0EA8FC00D2E946 /* Supporting Files */,
			);
			path = TrulyChat;
			sourceTree = "<group>";
		};
		FAFDD8591B0EA8FC00D2E946 /* Supporting Files */ = {
			isa = PBXGroup;
			children = (
				FAFDD85A1B0EA8FC00D2E946 /* Info.plist */,
				FAFDD85B1B0EA8FC00D2E946 /* main.m */,
			);
			name = "Supporting Files";
			sourceTree = "<group>";
		};
		FAFDD8721B0EA8FC00D2E946 /* TrulyChatTests */ = {
			isa = PBXGroup;
			children = (
				FAFDD8751B0EA8FC00D2E946 /* TrulyChatTests.m */,
				FAFDD8731B0EA8FC00D2E946 /* Supporting Files */,
			);
			path = TrulyChatTests;
			sourceTree = "<group>";
		};
		FAFDD8731B0EA8FC00D2E946 /* Supporting Files */ = {
			isa = PBXGroup;
			children = (
				FAFDD8741B0EA8FC00D2E946 /* Info.plist */,
			);
			name = "Supporting Files";
			sourceTree = "<group>";
		};
		FAFDD87F1B0EAE8A00D2E946 /* Frameworks */ = {
			isa = PBXGroup;
			children = (
			);
			path = Frameworks;
			sourceTree = "<group>";
		};
		FAFDD8851B0EAED700D2E946 /* Controllers */ = {
			isa = PBXGroup;
			children = (
				FAFDD8821B0EAECE00D2E946 /* BRLoginViewController.h */,
				FAFDD8831B0EAECE00D2E946 /* BRLoginViewController.m */,
				FAFDD8891B0EB0EF00D2E946 /* BRChatTableViewController.h */,
				FAFDD88A1B0EB0EF00D2E946 /* BRChatTableViewController.m */,
				FAB33EC51B232EED005F688F /* BRConversationTableViewController.h */,
				FAB33EC61B232EED005F688F /* BRConversationTableViewController.m */,
			);
			name = Controllers;
			sourceTree = "<group>";
		};
/* End PBXGroup section */

/* Begin PBXNativeTarget section */
		FAFDD8551B0EA8FC00D2E946 /* TrulyChat */ = {
			isa = PBXNativeTarget;
			buildConfigurationList = FAFDD8791B0EA8FC00D2E946 /* Build configuration list for PBXNativeTarget "TrulyChat" */;
			buildPhases = (
				4486BADDDEF2A1767ECB4C06 /* Check Pods Manifest.lock */,
				FAFDD8521B0EA8FC00D2E946 /* Sources */,
				FAFDD8531B0EA8FC00D2E946 /* Frameworks */,
				FAFDD8541B0EA8FC00D2E946 /* Resources */,
				A05CD5479A24693D82601F5F /* Copy Pods Resources */,
			);
			buildRules = (
			);
			dependencies = (
			);
			name = TrulyChat;
			productName = TrulyChat;
			productReference = FAFDD8561B0EA8FC00D2E946 /* TrulyChat.app */;
			productType = "com.apple.product-type.application";
		};
		FAFDD86E1B0EA8FC00D2E946 /* TrulyChatTests */ = {
			isa = PBXNativeTarget;
			buildConfigurationList = FAFDD87C1B0EA8FC00D2E946 /* Build configuration list for PBXNativeTarget "TrulyChatTests" */;
			buildPhases = (
				FAFDD86B1B0EA8FC00D2E946 /* Sources */,
				FAFDD86C1B0EA8FC00D2E946 /* Frameworks */,
				FAFDD86D1B0EA8FC00D2E946 /* Resources */,
			);
			buildRules = (
			);
			dependencies = (
				FAFDD8711B0EA8FC00D2E946 /* PBXTargetDependency */,
			);
			name = TrulyChatTests;
			productName = TrulyChatTests;
			productReference = FAFDD86F1B0EA8FC00D2E946 /* TrulyChatTests.xctest */;
			productType = "com.apple.product-type.bundle.unit-test";
		};
/* End PBXNativeTarget section */

/* Begin PBXProject section */
		FAFDD84E1B0EA8FC00D2E946 /* Project object */ = {
			isa = PBXProject;
			attributes = {
				CLASSPREFIX = BR;
				LastUpgradeCheck = 0610;
				ORGANIZATIONNAME = BReginato;
				TargetAttributes = {
					FAFDD8551B0EA8FC00D2E946 = {
						CreatedOnToolsVersion = 6.1;
					};
					FAFDD86E1B0EA8FC00D2E946 = {
						CreatedOnToolsVersion = 6.1;
						TestTargetID = FAFDD8551B0EA8FC00D2E946;
					};
				};
			};
			buildConfigurationList = FAFDD8511B0EA8FC00D2E946 /* Build configuration list for PBXProject "TrulyChat" */;
			compatibilityVersion = "Xcode 3.2";
			developmentRegion = English;
			hasScannedForEncodings = 0;
			knownRegions = (
				en,
				Base,
			);
			mainGroup = FAFDD84D1B0EA8FB00D2E946;
			productRefGroup = FAFDD8571B0EA8FC00D2E946 /* Products */;
			projectDirPath = "";
			projectRoot = "";
			targets = (
				FAFDD8551B0EA8FC00D2E946 /* TrulyChat */,
				FAFDD86E1B0EA8FC00D2E946 /* TrulyChatTests */,
			);
		};
/* End PBXProject section */

/* Begin PBXResourcesBuildPhase section */
		FAFDD8541B0EA8FC00D2E946 /* Resources */ = {
			isa = PBXResourcesBuildPhase;
			buildActionMask = 2147483647;
			files = (
				FAFDD8651B0EA8FC00D2E946 /* Main.storyboard in Resources */,
				FAFDD86A1B0EA8FC00D2E946 /* LaunchScreen.xib in Resources */,
				FAFDD8671B0EA8FC00D2E946 /* Images.xcassets in Resources */,
			);
			runOnlyForDeploymentPostprocessing = 0;
		};
		FAFDD86D1B0EA8FC00D2E946 /* Resources */ = {
			isa = PBXResourcesBuildPhase;
			buildActionMask = 2147483647;
			files = (
			);
			runOnlyForDeploymentPostprocessing = 0;
		};
/* End PBXResourcesBuildPhase section */

/* Begin PBXShellScriptBuildPhase section */
		4486BADDDEF2A1767ECB4C06 /* Check Pods Manifest.lock */ = {
			isa = PBXShellScriptBuildPhase;
			buildActionMask = 2147483647;
			files = (
			);
			inputPaths = (
			);
			name = "Check Pods Manifest.lock";
			outputPaths = (
			);
			runOnlyForDeploymentPostprocessing = 0;
			shellPath = /bin/sh;
			shellScript = "diff \"${PODS_ROOT}/../Podfile.lock\" \"${PODS_ROOT}/Manifest.lock\" > /dev/null\nif [[ $? != 0 ]] ; then\n    cat << EOM\nerror: The sandbox is not in sync with the Podfile.lock. Run 'pod install' or update your CocoaPods installation.\nEOM\n    exit 1\nfi\n";
			showEnvVarsInLog = 0;
		};
		A05CD5479A24693D82601F5F /* Copy Pods Resources */ = {
			isa = PBXShellScriptBuildPhase;
			buildActionMask = 2147483647;
			files = (
			);
			inputPaths = (
			);
			name = "Copy Pods Resources";
			outputPaths = (
			);
			runOnlyForDeploymentPostprocessing = 0;
			shellPath = /bin/sh;
			shellScript = "\"${SRCROOT}/Pods/Target Support Files/Pods-TrulyChat/Pods-TrulyChat-resources.sh\"\n";
			showEnvVarsInLog = 0;
		};
/* End PBXShellScriptBuildPhase section */

/* Begin PBXSourcesBuildPhase section */
		FAFDD8521B0EA8FC00D2E946 /* Sources */ = {
			isa = PBXSourcesBuildPhase;
			buildActionMask = 2147483647;
			files = (
				FA737C791B161FF30092F7BA /* BRPerson.m in Sources */,
				FAFDD85F1B0EA8FC00D2E946 /* AppDelegate.m in Sources */,
				FAB33EC71B232EED005F688F /* BRConversationTableViewController.m in Sources */,
				FAFDD85C1B0EA8FC00D2E946 /* main.m in Sources */,
				FA737C751B161FAB0092F7BA /* BRMessage.m in Sources */,
				FAFDD8841B0EAECE00D2E946 /* BRLoginViewController.m in Sources */,
				FAFDD88B1B0EB0EF00D2E946 /* BRChatTableViewController.m in Sources */,
				FA737C7C1B16203C0092F7BA /* BRConversation.m in Sources */,
			);
			runOnlyForDeploymentPostprocessing = 0;
		};
		FAFDD86B1B0EA8FC00D2E946 /* Sources */ = {
			isa = PBXSourcesBuildPhase;
			buildActionMask = 2147483647;
			files = (
				FAFDD8761B0EA8FC00D2E946 /* TrulyChatTests.m in Sources */,
			);
			runOnlyForDeploymentPostprocessing = 0;
		};
/* End PBXSourcesBuildPhase section */

/* Begin PBXTargetDependency section */
		FAFDD8711B0EA8FC00D2E946 /* PBXTargetDependency */ = {
			isa = PBXTargetDependency;
			target = FAFDD8551B0EA8FC00D2E946 /* TrulyChat */;
			targetProxy = FAFDD8701B0EA8FC00D2E946 /* PBXContainerItemProxy */;
		};
/* End PBXTargetDependency section */

/* Begin PBXVariantGroup section */
		FAFDD8631B0EA8FC00D2E946 /* Main.storyboard */ = {
			isa = PBXVariantGroup;
			children = (
				FAFDD8641B0EA8FC00D2E946 /* Base */,
			);
			name = Main.storyboard;
			sourceTree = "<group>";
		};
		FAFDD8681B0EA8FC00D2E946 /* LaunchScreen.xib */ = {
			isa = PBXVariantGroup;
			children = (
				FAFDD8691B0EA8FC00D2E946 /* Base */,
			);
			name = LaunchScreen.xib;
			sourceTree = "<group>";
		};
/* End PBXVariantGroup section */

/* Begin XCBuildConfiguration section */
		FAFDD8771B0EA8FC00D2E946 /* Debug */ = {
			isa = XCBuildConfiguration;
			buildSettings = {
				ALWAYS_SEARCH_USER_PATHS = NO;
				CLANG_CXX_LANGUAGE_STANDARD = "gnu++0x";
				CLANG_CXX_LIBRARY = "libc++";
				CLANG_ENABLE_MODULES = YES;
				CLANG_ENABLE_OBJC_ARC = YES;
				CLANG_WARN_BOOL_CONVERSION = YES;
				CLANG_WARN_CONSTANT_CONVERSION = YES;
				CLANG_WARN_DIRECT_OBJC_ISA_USAGE = YES_ERROR;
				CLANG_WARN_EMPTY_BODY = YES;
				CLANG_WARN_ENUM_CONVERSION = YES;
				CLANG_WARN_INT_CONVERSION = YES;
				CLANG_WARN_OBJC_ROOT_CLASS = YES_ERROR;
				CLANG_WARN_UNREACHABLE_CODE = YES;
				CLANG_WARN__DUPLICATE_METHOD_MATCH = YES;
				"CODE_SIGN_IDENTITY[sdk=iphoneos*]" = "iPhone Developer";
				COPY_PHASE_STRIP = NO;
				ENABLE_STRICT_OBJC_MSGSEND = YES;
				GCC_C_LANGUAGE_STANDARD = gnu99;
				GCC_DYNAMIC_NO_PIC = NO;
				GCC_OPTIMIZATION_LEVEL = 0;
				GCC_PREPROCESSOR_DEFINITIONS = (
					"DEBUG=1",
					"$(inherited)",
				);
				GCC_SYMBOLS_PRIVATE_EXTERN = NO;
				GCC_WARN_64_TO_32_BIT_CONVERSION = YES;
				GCC_WARN_ABOUT_RETURN_TYPE = YES_ERROR;
				GCC_WARN_UNDECLARED_SELECTOR = YES;
				GCC_WARN_UNINITIALIZED_AUTOS = YES_AGGRESSIVE;
				GCC_WARN_UNUSED_FUNCTION = YES;
				GCC_WARN_UNUSED_VARIABLE = YES;
				IPHONEOS_DEPLOYMENT_TARGET = 8.1;
				MTL_ENABLE_DEBUG_INFO = YES;
				ONLY_ACTIVE_ARCH = YES;
				SDKROOT = iphoneos;
			};
			name = Debug;
		};
		FAFDD8781B0EA8FC00D2E946 /* Release */ = {
			isa = XCBuildConfiguration;
			buildSettings = {
				ALWAYS_SEARCH_USER_PATHS = NO;
				CLANG_CXX_LANGUAGE_STANDARD = "gnu++0x";
				CLANG_CXX_LIBRARY = "libc++";
				CLANG_ENABLE_MODULES = YES;
				CLANG_ENABLE_OBJC_ARC = YES;
				CLANG_WARN_BOOL_CONVERSION = YES;
				CLANG_WARN_CONSTANT_CONVERSION = YES;
				CLANG_WARN_DIRECT_OBJC_ISA_USAGE = YES_ERROR;
				CLANG_WARN_EMPTY_BODY = YES;
				CLANG_WARN_ENUM_CONVERSION = YES;
				CLANG_WARN_INT_CONVERSION = YES;
				CLANG_WARN_OBJC_ROOT_CLASS = YES_ERROR;
				CLANG_WARN_UNREACHABLE_CODE = YES;
				CLANG_WARN__DUPLICATE_METHOD_MATCH = YES;
				"CODE_SIGN_IDENTITY[sdk=iphoneos*]" = "iPhone Developer";
				COPY_PHASE_STRIP = YES;
				ENABLE_NS_ASSERTIONS = NO;
				ENABLE_STRICT_OBJC_MSGSEND = YES;
				GCC_C_LANGUAGE_STANDARD = gnu99;
				GCC_WARN_64_TO_32_BIT_CONVERSION = YES;
				GCC_WARN_ABOUT_RETURN_TYPE = YES_ERROR;
				GCC_WARN_UNDECLARED_SELECTOR = YES;
				GCC_WARN_UNINITIALIZED_AUTOS = YES_AGGRESSIVE;
				GCC_WARN_UNUSED_FUNCTION = YES;
				GCC_WARN_UNUSED_VARIABLE = YES;
				IPHONEOS_DEPLOYMENT_TARGET = 8.1;
				MTL_ENABLE_DEBUG_INFO = NO;
				SDKROOT = iphoneos;
				VALIDATE_PRODUCT = YES;
			};
			name = Release;
		};
		FAFDD87A1B0EA8FC00D2E946 /* Debug */ = {
			isa = XCBuildConfiguration;
			baseConfigurationReference = C0A5AB850573325E433BCE11 /* Pods-TrulyChat.debug.xcconfig */;
			buildSettings = {
				ASSETCATALOG_COMPILER_APPICON_NAME = AppIcon;
				FRAMEWORK_SEARCH_PATHS = (
					"$(inherited)",
					"$(PROJECT_DIR)/TrulyChat/Frameworks",
				);
				INFOPLIST_FILE = TrulyChat/Info.plist;
				LD_RUNPATH_SEARCH_PATHS = "$(inherited) @executable_path/Frameworks";
				PRODUCT_NAME = "$(TARGET_NAME)";
			};
			name = Debug;
		};
		FAFDD87B1B0EA8FC00D2E946 /* Release */ = {
			isa = XCBuildConfiguration;
			baseConfigurationReference = C3F6C8F0022BD98216769565 /* Pods-TrulyChat.release.xcconfig */;
			buildSettings = {
				ASSETCATALOG_COMPILER_APPICON_NAME = AppIcon;
				FRAMEWORK_SEARCH_PATHS = (
					"$(inherited)",
					"$(PROJECT_DIR)/TrulyChat/Frameworks",
				);
				INFOPLIST_FILE = TrulyChat/Info.plist;
				LD_RUNPATH_SEARCH_PATHS = "$(inherited) @executable_path/Frameworks";
				PRODUCT_NAME = "$(TARGET_NAME)";
			};
			name = Release;
		};
		FAFDD87D1B0EA8FC00D2E946 /* Debug */ = {
			isa = XCBuildConfiguration;
			buildSettings = {
				BUNDLE_LOADER = "$(TEST_HOST)";
				FRAMEWORK_SEARCH_PATHS = (
					"$(SDKROOT)/Developer/Library/Frameworks",
					"$(inherited)",
				);
				GCC_PREPROCESSOR_DEFINITIONS = (
					"DEBUG=1",
					"$(inherited)",
				);
				INFOPLIST_FILE = TrulyChatTests/Info.plist;
				LD_RUNPATH_SEARCH_PATHS = "$(inherited) @executable_path/Frameworks @loader_path/Frameworks";
				PRODUCT_NAME = "$(TARGET_NAME)";
				TEST_HOST = "$(BUILT_PRODUCTS_DIR)/TrulyChat.app/TrulyChat";
			};
			name = Debug;
		};
		FAFDD87E1B0EA8FC00D2E946 /* Release */ = {
			isa = XCBuildConfiguration;
			buildSettings = {
				BUNDLE_LOADER = "$(TEST_HOST)";
				FRAMEWORK_SEARCH_PATHS = (
					"$(SDKROOT)/Developer/Library/Frameworks",
					"$(inherited)",
				);
				INFOPLIST_FILE = TrulyChatTests/Info.plist;
				LD_RUNPATH_SEARCH_PATHS = "$(inherited) @executable_path/Frameworks @loader_path/Frameworks";
				PRODUCT_NAME = "$(TARGET_NAME)";
				TEST_HOST = "$(BUILT_PRODUCTS_DIR)/TrulyChat.app/TrulyChat";
			};
			name = Release;
		};
/* End XCBuildConfiguration section */

/* Begin XCConfigurationList section */
		FAFDD8511B0EA8FC00D2E946 /* Build configuration list for PBXProject "TrulyChat" */ = {
			isa = XCConfigurationList;
			buildConfigurations = (
				FAFDD8771B0EA8FC00D2E946 /* Debug */,
				FAFDD8781B0EA8FC00D2E946 /* Release */,
			);
			defaultConfigurationIsVisible = 0;
			defaultConfigurationName = Release;
		};
		FAFDD8791B0EA8FC00D2E946 /* Build configuration list for PBXNativeTarget "TrulyChat" */ = {
			isa = XCConfigurationList;
			buildConfigurations = (
				FAFDD87A1B0EA8FC00D2E946 /* Debug */,
				FAFDD87B1B0EA8FC00D2E946 /* Release */,
			);
			defaultConfigurationIsVisible = 0;
			defaultConfigurationName = Release;
		};
		FAFDD87C1B0EA8FC00D2E946 /* Build configuration list for PBXNativeTarget "TrulyChatTests" */ = {
			isa = XCConfigurationList;
			buildConfigurations = (
				FAFDD87D1B0EA8FC00D2E946 /* Debug */,
				FAFDD87E1B0EA8FC00D2E946 /* Release */,
			);
			defaultConfigurationIsVisible = 0;
			defaultConfigurationName = Release;
		};
/* End XCConfigurationList section */
	};
	rootObject = FAFDD84E1B0EA8FC00D2E946 /* Project object */;
}
